
Microsoft Visual Studio Solution File, Format Version 12.00
# Visual Studio 14
VisualStudioVersion = 14.0.25420.1
MinimumVisualStudioVersion = 10.0.40219.1
Project("{FAE04EC0-301F-11D3-BF4B-00C04F79EFBC}") = "Viikkotehtavat 5-20", "Viikkotehtavat 5-20\Viikkotehtavat 5-20.csproj", "{72B3996D-D23D-4869-8A81-EFAE030047BF}"
EndProject
Project("{FAE04EC0-301F-11D3-BF4B-00C04F79EFBC}") = "ConsoleApplication1", "ConsoleApplication1\ConsoleApplication1.csproj", "{29854536-CA17-4E1F-8AEA-E57776EFDC7D}"
EndProject
Project("{FAE04EC0-301F-11D3-BF4B-00C04F79EFBC}") = "Tehtava7", "Tehtava7\Tehtava7.csproj", "{19FCBAEA-CAED-4CFA-839C-C12DED124C4E}"
EndProject
Project("{FAE04EC0-301F-11D3-BF4B-00C04F79EFBC}") = "Tehtava8", "Tehtava8\Tehtava8.csproj", "{AD7CA5FC-B161-4CA8-9CAF-B881124C4A07}"
EndProject
Project("{FAE04EC0-301F-11D3-BF4B-00C04F79EFBC}") = "Tehtava9", "Tehtava9\Tehtava9.csproj", "{CE63977C-4362-4C15-AB43-F563B0374F76}"
EndProject
Project("{FAE04EC0-301F-11D3-BF4B-00C04F79EFBC}") = "Tehtava10", "Tehtava10\Tehtava10.csproj", "{E2E4655F-1493-4065-9C87-1EC940011A25}"
EndProject
Project("{FAE04EC0-301F-11D3-BF4B-00C04F79EFBC}") = "Tehtava11", "Tehtava11\Tehtava11.csproj", "{2CF6808E-2D4E-448E-9C2D-89622427EBE5}"
EndProject
Project("{FAE04EC0-301F-11D3-BF4B-00C04F79EFBC}") = "Tehtava12", "Tehtava12\Tehtava12.csproj", "{DB66EF17-2FE7-45DE-9A3C-9882513E5F27}"
EndProject
Project("{FAE04EC0-301F-11D3-BF4B-00C04F79EFBC}") = "Tehtava13", "Tehtava13\Tehtava13.csproj", "{666C048C-0DD3-49E6-884A-E452A364363E}"
EndProject
Project("{FAE04EC0-301F-11D3-BF4B-00C04F79EFBC}") = "Tehtava14", "Tehtava14\Tehtava14.csproj", "{4252FF24-F7E6-4CED-8261-47237352A5F0}"
EndProject
Project("{FAE04EC0-301F-11D3-BF4B-00C04F79EFBC}") = "Tehtava15", "Tehtava15\Tehtava15.csproj", "{D5817255-BC09-4EE1-9B1C-8A0F84FF1771}"
EndProject
Project("{FAE04EC0-301F-11D3-BF4B-00C04F79EFBC}") = "Tehtava16", "Tehtava16\Tehtava16.csproj", "{E3E5A5F3-E21B-42D3-80AF-779612B4C1C7}"
EndProject
Project("{FAE04EC0-301F-11D3-BF4B-00C04F79EFBC}") = "Tehtava17", "Tehtava17\Tehtava17.csproj", "{22539B46-8F26-4D8B-9EFF-3966BBAD998D}"
EndProject
Global
	GlobalSection(SolutionConfigurationPlatforms) = preSolution
		Debug|Any CPU = Debug|Any CPU
		Release|Any CPU = Release|Any CPU
	EndGlobalSection
	GlobalSection(ProjectConfigurationPlatforms) = postSolution
		{72B3996D-D23D-4869-8A81-EFAE030047BF}.Debug|Any CPU.ActiveCfg = Debug|Any CPU
		{72B3996D-D23D-4869-8A81-EFAE030047BF}.Debug|Any CPU.Build.0 = Debug|Any CPU
		{72B3996D-D23D-4869-8A81-EFAE030047BF}.Release|Any CPU.ActiveCfg = Release|Any CPU
		{72B3996D-D23D-4869-8A81-EFAE030047BF}.Release|Any CPU.Build.0 = Release|Any CPU
		{29854536-CA17-4E1F-8AEA-E57776EFDC7D}.Debug|Any CPU.ActiveCfg = Debug|Any CPU
		{29854536-CA17-4E1F-8AEA-E57776EFDC7D}.Debug|Any CPU.Build.0 = Debug|Any CPU
		{29854536-CA17-4E1F-8AEA-E57776EFDC7D}.Release|Any CPU.ActiveCfg = Release|Any CPU
		{29854536-CA17-4E1F-8AEA-E57776EFDC7D}.Release|Any CPU.Build.0 = Release|Any CPU
		{19FCBAEA-CAED-4CFA-839C-C12DED124C4E}.Debug|Any CPU.ActiveCfg = Debug|Any CPU
		{19FCBAEA-CAED-4CFA-839C-C12DED124C4E}.Debug|Any CPU.Build.0 = Debug|Any CPU
		{19FCBAEA-CAED-4CFA-839C-C12DED124C4E}.Release|Any CPU.ActiveCfg = Release|Any CPU
		{19FCBAEA-CAED-4CFA-839C-C12DED124C4E}.Release|Any CPU.Build.0 = Release|Any CPU
		{AD7CA5FC-B161-4CA8-9CAF-B881124C4A07}.Debug|Any CPU.ActiveCfg = Debug|Any CPU
		{AD7CA5FC-B161-4CA8-9CAF-B881124C4A07}.Debug|Any CPU.Build.0 = Debug|Any CPU
		{AD7CA5FC-B161-4CA8-9CAF-B881124C4A07}.Release|Any CPU.ActiveCfg = Release|Any CPU
		{AD7CA5FC-B161-4CA8-9CAF-B881124C4A07}.Release|Any CPU.Build.0 = Release|Any CPU
		{CE63977C-4362-4C15-AB43-F563B0374F76}.Debug|Any CPU.ActiveCfg = Debug|Any CPU
		{CE63977C-4362-4C15-AB43-F563B0374F76}.Debug|Any CPU.Build.0 = Debug|Any CPU
		{CE63977C-4362-4C15-AB43-F563B0374F76}.Release|Any CPU.ActiveCfg = Release|Any CPU
		{CE63977C-4362-4C15-AB43-F563B0374F76}.Release|Any CPU.Build.0 = Release|Any CPU
		{E2E4655F-1493-4065-9C87-1EC940011A25}.Debug|Any CPU.ActiveCfg = Debug|Any CPU
		{E2E4655F-1493-4065-9C87-1EC940011A25}.Debug|Any CPU.Build.0 = Debug|Any CPU
		{E2E4655F-1493-4065-9C87-1EC940011A25}.Release|Any CPU.ActiveCfg = Release|Any CPU
		{E2E4655F-1493-4065-9C87-1EC940011A25}.Release|Any CPU.Build.0 = Release|Any CPU
		{2CF6808E-2D4E-448E-9C2D-89622427EBE5}.Debug|Any CPU.ActiveCfg = Debug|Any CPU
		{2CF6808E-2D4E-448E-9C2D-89622427EBE5}.Debug|Any CPU.Build.0 = Debug|Any CPU
		{2CF6808E-2D4E-448E-9C2D-89622427EBE5}.Release|Any CPU.ActiveCfg = Release|Any CPU
		{2CF6808E-2D4E-448E-9C2D-89622427EBE5}.Release|Any CPU.Build.0 = Release|Any CPU
		{DB66EF17-2FE7-45DE-9A3C-9882513E5F27}.Debug|Any CPU.ActiveCfg = Debug|Any CPU
		{DB66EF17-2FE7-45DE-9A3C-9882513E5F27}.Debug|Any CPU.Build.0 = Debug|Any CPU
		{DB66EF17-2FE7-45DE-9A3C-9882513E5F27}.Release|Any CPU.ActiveCfg = Release|Any CPU
		{DB66EF17-2FE7-45DE-9A3C-9882513E5F27}.Release|Any CPU.Build.0 = Release|Any CPU
		{666C048C-0DD3-49E6-884A-E452A364363E}.Debug|Any CPU.ActiveCfg = Debug|Any CPU
		{666C048C-0DD3-49E6-884A-E452A364363E}.Debug|Any CPU.Build.0 = Debug|Any CPU
		{666C048C-0DD3-49E6-884A-E452A364363E}.Release|Any CPU.ActiveCfg = Release|Any CPU
		{666C048C-0DD3-49E6-884A-E452A364363E}.Release|Any CPU.Build.0 = Release|Any CPU
		{4252FF24-F7E6-4CED-8261-47237352A5F0}.Debug|Any CPU.ActiveCfg = Debug|Any CPU
		{4252FF24-F7E6-4CED-8261-47237352A5F0}.Debug|Any CPU.Build.0 = Debug|Any CPU
		{4252FF24-F7E6-4CED-8261-47237352A5F0}.Release|Any CPU.ActiveCfg = Release|Any CPU
		{4252FF24-F7E6-4CED-8261-47237352A5F0}.Release|Any CPU.Build.0 = Release|Any CPU
		{D5817255-BC09-4EE1-9B1C-8A0F84FF1771}.Debug|Any CPU.ActiveCfg = Debug|Any CPU
		{D5817255-BC09-4EE1-9B1C-8A0F84FF1771}.Debug|Any CPU.Build.0 = Debug|Any CPU
		{D5817255-BC09-4EE1-9B1C-8A0F84FF1771}.Release|Any CPU.ActiveCfg = Release|Any CPU
		{D5817255-BC09-4EE1-9B1C-8A0F84FF1771}.Release|Any CPU.Build.0 = Release|Any CPU
		{E3E5A5F3-E21B-42D3-80AF-779612B4C1C7}.Debug|Any CPU.ActiveCfg = Debug|Any CPU
		{E3E5A5F3-E21B-42D3-80AF-779612B4C1C7}.Debug|Any CPU.Build.0 = Debug|Any CPU
		{E3E5A5F3-E21B-42D3-80AF-779612B4C1C7}.Release|Any CPU.ActiveCfg = Release|Any CPU
		{E3E5A5F3-E21B-42D3-80AF-779612B4C1C7}.Release|Any CPU.Build.0 = Release|Any CPU
		{22539B46-8F26-4D8B-9EFF-3966BBAD998D}.Debug|Any CPU.ActiveCfg = Debug|Any CPU
		{22539B46-8F26-4D8B-9EFF-3966BBAD998D}.Debug|Any CPU.Build.0 = Debug|Any CPU
		{22539B46-8F26-4D8B-9EFF-3966BBAD998D}.Release|Any CPU.ActiveCfg = Release|Any CPU
		{22539B46-8F26-4D8B-9EFF-3966BBAD998D}.Release|Any CPU.Build.0 = Release|Any CPU
	EndGlobalSection
	GlobalSection(SolutionProperties) = preSolution
		HideSolutionNode = FALSE
	EndGlobalSection
EndGlobal
