
Microsoft Visual Studio Solution File, Format Version 12.00
# Visual Studio 14
VisualStudioVersion = 14.0.25420.1
MinimumVisualStudioVersion = 10.0.40219.1
Project("{FAE04EC0-301F-11D3-BF4B-00C04F79EFBC}") = "Viikkotehtavat 5-20", "Viikkotehtavat 5-20\Viikkotehtavat 5-20.csproj", "{72B3996D-D23D-4869-8A81-EFAE030047BF}"
EndProject
Project("{FAE04EC0-301F-11D3-BF4B-00C04F79EFBC}") = "ConsoleApplication1", "ConsoleApplication1\ConsoleApplication1.csproj", "{29854536-CA17-4E1F-8AEA-E57776EFDC7D}"
EndProject
Project("{FAE04EC0-301F-11D3-BF4B-00C04F79EFBC}") = "Tehtava7", "Tehtava7\Tehtava7.csproj", "{19FCBAEA-CAED-4CFA-839C-C12DED124C4E}"
EndProject
Project("{FAE04EC0-301F-11D3-BF4B-00C04F79EFBC}") = "Tehtava8", "Tehtava8\Tehtava8.csproj", "{AD7CA5FC-B161-4CA8-9CAF-B881124C4A07}"
EndProject
Global
	GlobalSection(SolutionConfigurationPlatforms) = preSolution
		Debug|Any CPU = Debug|Any CPU
		Release|Any CPU = Release|Any CPU
	EndGlobalSection
	GlobalSection(ProjectConfigurationPlatforms) = postSolution
		{72B3996D-D23D-4869-8A81-EFAE030047BF}.Debug|Any CPU.ActiveCfg = Debug|Any CPU
		{72B3996D-D23D-4869-8A81-EFAE030047BF}.Debug|Any CPU.Build.0 = Debug|Any CPU
		{72B3996D-D23D-4869-8A81-EFAE030047BF}.Release|Any CPU.ActiveCfg = Release|Any CPU
		{72B3996D-D23D-4869-8A81-EFAE030047BF}.Release|Any CPU.Build.0 = Release|Any CPU
		{29854536-CA17-4E1F-8AEA-E57776EFDC7D}.Debug|Any CPU.ActiveCfg = Debug|Any CPU
		{29854536-CA17-4E1F-8AEA-E57776EFDC7D}.Debug|Any CPU.Build.0 = Debug|Any CPU
		{29854536-CA17-4E1F-8AEA-E57776EFDC7D}.Release|Any CPU.ActiveCfg = Release|Any CPU
		{29854536-CA17-4E1F-8AEA-E57776EFDC7D}.Release|Any CPU.Build.0 = Release|Any CPU
		{19FCBAEA-CAED-4CFA-839C-C12DED124C4E}.Debug|Any CPU.ActiveCfg = Debug|Any CPU
		{19FCBAEA-CAED-4CFA-839C-C12DED124C4E}.Debug|Any CPU.Build.0 = Debug|Any CPU
		{19FCBAEA-CAED-4CFA-839C-C12DED124C4E}.Release|Any CPU.ActiveCfg = Release|Any CPU
		{19FCBAEA-CAED-4CFA-839C-C12DED124C4E}.Release|Any CPU.Build.0 = Release|Any CPU
		{AD7CA5FC-B161-4CA8-9CAF-B881124C4A07}.Debug|Any CPU.ActiveCfg = Debug|Any CPU
		{AD7CA5FC-B161-4CA8-9CAF-B881124C4A07}.Debug|Any CPU.Build.0 = Debug|Any CPU
		{AD7CA5FC-B161-4CA8-9CAF-B881124C4A07}.Release|Any CPU.ActiveCfg = Release|Any CPU
		{AD7CA5FC-B161-4CA8-9CAF-B881124C4A07}.Release|Any CPU.Build.0 = Release|Any CPU
	EndGlobalSection
	GlobalSection(SolutionProperties) = preSolution
		HideSolutionNode = FALSE
	EndGlobalSection
EndGlobal
